
Microsoft Visual Studio Solution File, Format Version 12.00
# Visual Studio Version 17
VisualStudioVersion = 17.5.002.0
MinimumVisualStudioVersion = 10.0.40219.1
Project("{9A19103F-16F7-4668-BE54-9A1E7A4F7556}") = "tarea1", "tarea1.csproj", "{E4E42962-A4EE-497D-A24F-853D1CDD53C1}"
EndProject
Global
	GlobalSection(SolutionConfigurationPlatforms) = preSolution
		Debug|Any CPU = Debug|Any CPU
		Release|Any CPU = Release|Any CPU
	EndGlobalSection
	GlobalSection(ProjectConfigurationPlatforms) = postSolution
		{E4E42962-A4EE-497D-A24F-853D1CDD53C1}.Debug|Any CPU.ActiveCfg = Debug|Any CPU
		{E4E42962-A4EE-497D-A24F-853D1CDD53C1}.Debug|Any CPU.Build.0 = Debug|Any CPU
		{E4E42962-A4EE-497D-A24F-853D1CDD53C1}.Release|Any CPU.ActiveCfg = Release|Any CPU
		{E4E42962-A4EE-497D-A24F-853D1CDD53C1}.Release|Any CPU.Build.0 = Release|Any CPU
	EndGlobalSection
	GlobalSection(SolutionProperties) = preSolution
		HideSolutionNode = FALSE
	EndGlobalSection
	GlobalSection(ExtensibilityGlobals) = postSolution
		SolutionGuid = {158E14AC-07A9-47F8-A675-1CE8399BCFF0}
	EndGlobalSection
EndGlobal
